
Microsoft Visual Studio Solution File, Format Version 12.00
# Visual Studio Version 17
VisualStudioVersion = 17.9.34723.18
MinimumVisualStudioVersion = 10.0.40219.1
Project("{2150E333-8FDC-42A3-9474-1A3956D46DE8}") = "Shared", "Shared", "{6306701E-B900-4355-BF93-BBCB4A8D8D8E}"
EndProject
Project("{9A19103F-16F7-4668-BE54-9A1E7A4F7556}") = "SagaChore.Shared", "Shared\SagaChore.Shared\SagaChore.Shared.csproj", "{66E5F83D-AEBD-41EA-B8FC-0D3AA6AEC33C}"
EndProject
Project("{2150E333-8FDC-42A3-9474-1A3956D46DE8}") = "Services", "Services", "{CDE56ED4-1C4E-4A1E-9C26-6E8B016DDFEC}"
EndProject
Project("{9A19103F-16F7-4668-BE54-9A1E7A4F7556}") = "SagaChore.StockAPI", "Services\SagaChore.StockAPI\SagaChore.StockAPI.csproj", "{8E68BC7F-091A-446A-B113-2C7C905FB096}"
EndProject
Project("{9A19103F-16F7-4668-BE54-9A1E7A4F7556}") = "SagaChore.PaymentAPI", "Services\SagaChore.PaymentAPI\SagaChore.PaymentAPI.csproj", "{E411A442-13E4-496B-BCD6-820CC8B3A31B}"
EndProject
Project("{FAE04EC0-301F-11D3-BF4B-00C04F79EFBC}") = "SagaChore.OrderAPI", "Services\SagaChore.OrderAPI\SagaChore.OrderAPI.csproj", "{6118094C-2A8F-4FFB-A253-FD1058CED077}"
EndProject
Global
	GlobalSection(SolutionConfigurationPlatforms) = preSolution
		Debug|Any CPU = Debug|Any CPU
		Release|Any CPU = Release|Any CPU
	EndGlobalSection
	GlobalSection(ProjectConfigurationPlatforms) = postSolution
		{66E5F83D-AEBD-41EA-B8FC-0D3AA6AEC33C}.Debug|Any CPU.ActiveCfg = Debug|Any CPU
		{66E5F83D-AEBD-41EA-B8FC-0D3AA6AEC33C}.Debug|Any CPU.Build.0 = Debug|Any CPU
		{66E5F83D-AEBD-41EA-B8FC-0D3AA6AEC33C}.Release|Any CPU.ActiveCfg = Release|Any CPU
		{66E5F83D-AEBD-41EA-B8FC-0D3AA6AEC33C}.Release|Any CPU.Build.0 = Release|Any CPU
		{8E68BC7F-091A-446A-B113-2C7C905FB096}.Debug|Any CPU.ActiveCfg = Debug|Any CPU
		{8E68BC7F-091A-446A-B113-2C7C905FB096}.Debug|Any CPU.Build.0 = Debug|Any CPU
		{8E68BC7F-091A-446A-B113-2C7C905FB096}.Release|Any CPU.ActiveCfg = Release|Any CPU
		{8E68BC7F-091A-446A-B113-2C7C905FB096}.Release|Any CPU.Build.0 = Release|Any CPU
		{E411A442-13E4-496B-BCD6-820CC8B3A31B}.Debug|Any CPU.ActiveCfg = Debug|Any CPU
		{E411A442-13E4-496B-BCD6-820CC8B3A31B}.Debug|Any CPU.Build.0 = Debug|Any CPU
		{E411A442-13E4-496B-BCD6-820CC8B3A31B}.Release|Any CPU.ActiveCfg = Release|Any CPU
		{E411A442-13E4-496B-BCD6-820CC8B3A31B}.Release|Any CPU.Build.0 = Release|Any CPU
		{6118094C-2A8F-4FFB-A253-FD1058CED077}.Debug|Any CPU.ActiveCfg = Debug|Any CPU
		{6118094C-2A8F-4FFB-A253-FD1058CED077}.Debug|Any CPU.Build.0 = Debug|Any CPU
		{6118094C-2A8F-4FFB-A253-FD1058CED077}.Release|Any CPU.ActiveCfg = Release|Any CPU
		{6118094C-2A8F-4FFB-A253-FD1058CED077}.Release|Any CPU.Build.0 = Release|Any CPU
	EndGlobalSection
	GlobalSection(SolutionProperties) = preSolution
		HideSolutionNode = FALSE
	EndGlobalSection
	GlobalSection(NestedProjects) = preSolution
		{66E5F83D-AEBD-41EA-B8FC-0D3AA6AEC33C} = {6306701E-B900-4355-BF93-BBCB4A8D8D8E}
		{8E68BC7F-091A-446A-B113-2C7C905FB096} = {CDE56ED4-1C4E-4A1E-9C26-6E8B016DDFEC}
		{E411A442-13E4-496B-BCD6-820CC8B3A31B} = {CDE56ED4-1C4E-4A1E-9C26-6E8B016DDFEC}
		{6118094C-2A8F-4FFB-A253-FD1058CED077} = {CDE56ED4-1C4E-4A1E-9C26-6E8B016DDFEC}
	EndGlobalSection
	GlobalSection(ExtensibilityGlobals) = postSolution
		SolutionGuid = {B477BE35-57A6-4C94-B41F-6860E6CCE315}
	EndGlobalSection
EndGlobal
