
Microsoft Visual Studio Solution File, Format Version 12.00
# Visual Studio Version 17
VisualStudioVersion = 17.9.34723.18
MinimumVisualStudioVersion = 10.0.40219.1
Project("{2150E333-8FDC-42A3-9474-1A3956D46DE8}") = "Shared", "Shared", "{6306701E-B900-4355-BF93-BBCB4A8D8D8E}"
EndProject
Project("{FAE04EC0-301F-11D3-BF4B-00C04F79EFBC}") = "SagaChore.Shared", "Shared\SagaChore.Shared\SagaChore.Shared.csproj", "{66E5F83D-AEBD-41EA-B8FC-0D3AA6AEC33C}"
EndProject
Global
	GlobalSection(SolutionConfigurationPlatforms) = preSolution
		Debug|Any CPU = Debug|Any CPU
		Release|Any CPU = Release|Any CPU
	EndGlobalSection
	GlobalSection(ProjectConfigurationPlatforms) = postSolution
		{66E5F83D-AEBD-41EA-B8FC-0D3AA6AEC33C}.Debug|Any CPU.ActiveCfg = Debug|Any CPU
		{66E5F83D-AEBD-41EA-B8FC-0D3AA6AEC33C}.Debug|Any CPU.Build.0 = Debug|Any CPU
		{66E5F83D-AEBD-41EA-B8FC-0D3AA6AEC33C}.Release|Any CPU.ActiveCfg = Release|Any CPU
		{66E5F83D-AEBD-41EA-B8FC-0D3AA6AEC33C}.Release|Any CPU.Build.0 = Release|Any CPU
	EndGlobalSection
	GlobalSection(SolutionProperties) = preSolution
		HideSolutionNode = FALSE
	EndGlobalSection
	GlobalSection(NestedProjects) = preSolution
		{66E5F83D-AEBD-41EA-B8FC-0D3AA6AEC33C} = {6306701E-B900-4355-BF93-BBCB4A8D8D8E}
	EndGlobalSection
	GlobalSection(ExtensibilityGlobals) = postSolution
		SolutionGuid = {B477BE35-57A6-4C94-B41F-6860E6CCE315}
	EndGlobalSection
EndGlobal
